
Microsoft Visual Studio Solution File, Format Version 12.00
# Visual Studio Version 16
VisualStudioVersion = 16.0.29613.14
MinimumVisualStudioVersion = 10.0.40219.1
Project("{9A19103F-16F7-4668-BE54-9A1E7A4F7556}") = "Rat", "Rat\Rat.csproj", "{065BA0DA-11FB-4714-8838-6017D61F92D2}"
EndProject
Project("{9A19103F-16F7-4668-BE54-9A1E7A4F7556}") = "Rat.Api", "Rat.Api\Rat.Api.csproj", "{F8397335-8006-4A75-AA35-A50210D9C5B6}"
EndProject
Project("{9A19103F-16F7-4668-BE54-9A1E7A4F7556}") = "Rat.Example.App", "Rat.Example.App\Rat.Example.App.csproj", "{5D488D69-0D14-470C-8B48-AC225A4BAD88}"
EndProject
Project("{2150E333-8FDC-42A3-9474-1A3956D46DE8}") = ".docker", ".docker", "{05755D36-9626-4D3D-8333-A3AB152C838E}"
	ProjectSection(SolutionItems) = preProject
		.dockerignore = .dockerignore
		docker-compose.yml = docker-compose.yml
	EndProjectSection
EndProject
Global
	GlobalSection(SolutionConfigurationPlatforms) = preSolution
		Debug|Any CPU = Debug|Any CPU
		Release|Any CPU = Release|Any CPU
	EndGlobalSection
	GlobalSection(ProjectConfigurationPlatforms) = postSolution
		{065BA0DA-11FB-4714-8838-6017D61F92D2}.Debug|Any CPU.ActiveCfg = Debug|Any CPU
		{065BA0DA-11FB-4714-8838-6017D61F92D2}.Debug|Any CPU.Build.0 = Debug|Any CPU
		{065BA0DA-11FB-4714-8838-6017D61F92D2}.Release|Any CPU.ActiveCfg = Release|Any CPU
		{065BA0DA-11FB-4714-8838-6017D61F92D2}.Release|Any CPU.Build.0 = Release|Any CPU
		{F8397335-8006-4A75-AA35-A50210D9C5B6}.Debug|Any CPU.ActiveCfg = Debug|Any CPU
		{F8397335-8006-4A75-AA35-A50210D9C5B6}.Debug|Any CPU.Build.0 = Debug|Any CPU
		{F8397335-8006-4A75-AA35-A50210D9C5B6}.Release|Any CPU.ActiveCfg = Release|Any CPU
		{F8397335-8006-4A75-AA35-A50210D9C5B6}.Release|Any CPU.Build.0 = Release|Any CPU
		{5D488D69-0D14-470C-8B48-AC225A4BAD88}.Debug|Any CPU.ActiveCfg = Debug|Any CPU
		{5D488D69-0D14-470C-8B48-AC225A4BAD88}.Debug|Any CPU.Build.0 = Debug|Any CPU
		{5D488D69-0D14-470C-8B48-AC225A4BAD88}.Release|Any CPU.ActiveCfg = Release|Any CPU
		{5D488D69-0D14-470C-8B48-AC225A4BAD88}.Release|Any CPU.Build.0 = Release|Any CPU
	EndGlobalSection
	GlobalSection(SolutionProperties) = preSolution
		HideSolutionNode = FALSE
	EndGlobalSection
	GlobalSection(ExtensibilityGlobals) = postSolution
		SolutionGuid = {950CAE78-60E6-4FA3-8E20-D48EFBBC2D35}
	EndGlobalSection
EndGlobal
